
Microsoft Visual Studio Solution File, Format Version 12.00
Project("{FAE04EC0-301F-11D3-BF4B-00C04F79EFBC}") = "flightTrackerApi", "flightTrackerApi\flightTrackerApi.csproj", "{FEA839B1-0857-4AE3-A527-2C3C6B5D4EDD}"
EndProject
Global
	GlobalSection(SolutionConfigurationPlatforms) = preSolution
		Debug|Any CPU = Debug|Any CPU
		Release|Any CPU = Release|Any CPU
	EndGlobalSection
	GlobalSection(ProjectConfigurationPlatforms) = postSolution
		{FEA839B1-0857-4AE3-A527-2C3C6B5D4EDD}.Debug|Any CPU.ActiveCfg = Debug|Any CPU
		{FEA839B1-0857-4AE3-A527-2C3C6B5D4EDD}.Debug|Any CPU.Build.0 = Debug|Any CPU
		{FEA839B1-0857-4AE3-A527-2C3C6B5D4EDD}.Release|Any CPU.ActiveCfg = Release|Any CPU
		{FEA839B1-0857-4AE3-A527-2C3C6B5D4EDD}.Release|Any CPU.Build.0 = Release|Any CPU
	EndGlobalSection
EndGlobal
